
Microsoft Visual Studio Solution File, Format Version 12.00
# Visual Studio Version 16
VisualStudioVersion = 16.0.29215.179
MinimumVisualStudioVersion = 10.0.40219.1
Project("{FAE04EC0-301F-11D3-BF4B-00C04F79EFBC}") = "test", "test.csproj", "{311393E9-2F01-4D8B-9E24-25C433F9EE4C}"
EndProject
Project("{FAE04EC0-301F-11D3-BF4B-00C04F79EFBC}") = "CSOnScreenKeyboard", "..\component\CSOnScreenKeyboard.csproj", "{59A59779-2C0F-4A25-AC53-DEC22A74C8AA}"
EndProject
Global
	GlobalSection(SolutionConfigurationPlatforms) = preSolution
		Debug|Any CPU = Debug|Any CPU
		Release|Any CPU = Release|Any CPU
	EndGlobalSection
	GlobalSection(ProjectConfigurationPlatforms) = postSolution
		{311393E9-2F01-4D8B-9E24-25C433F9EE4C}.Debug|Any CPU.ActiveCfg = Debug|Any CPU
		{311393E9-2F01-4D8B-9E24-25C433F9EE4C}.Debug|Any CPU.Build.0 = Debug|Any CPU
		{311393E9-2F01-4D8B-9E24-25C433F9EE4C}.Release|Any CPU.ActiveCfg = Release|Any CPU
		{311393E9-2F01-4D8B-9E24-25C433F9EE4C}.Release|Any CPU.Build.0 = Release|Any CPU
		{59A59779-2C0F-4A25-AC53-DEC22A74C8AA}.Debug|Any CPU.ActiveCfg = Debug|Any CPU
		{59A59779-2C0F-4A25-AC53-DEC22A74C8AA}.Debug|Any CPU.Build.0 = Debug|Any CPU
		{59A59779-2C0F-4A25-AC53-DEC22A74C8AA}.Release|Any CPU.ActiveCfg = Release|Any CPU
		{59A59779-2C0F-4A25-AC53-DEC22A74C8AA}.Release|Any CPU.Build.0 = Release|Any CPU
	EndGlobalSection
	GlobalSection(SolutionProperties) = preSolution
		HideSolutionNode = FALSE
	EndGlobalSection
	GlobalSection(ExtensibilityGlobals) = postSolution
		SolutionGuid = {098254C1-4AC6-4A70-BD29-6B47A1196C6A}
	EndGlobalSection
EndGlobal
